
Microsoft Visual Studio Solution File, Format Version 12.00
#
Project("{FAE04EC0-301F-11D3-BF4B-00C04F79EFBC}") = "Sparkify", "Sparkify\Sparkify.csproj", "{D8982147-802E-4235-99EF-81618634BAEF}"
EndProject
Project("{FAE04EC0-301F-11D3-BF4B-00C04F79EFBC}") = "Sparkify.Proxy", "Sparkify.Proxy\Sparkify.Proxy.csproj", "{302F1284-751A-427E-9FED-FFC36107F6D0}"
EndProject
Project("{FAE04EC0-301F-11D3-BF4B-00C04F79EFBC}") = "Data", "Data\Data.csproj", "{9C3D62B7-B31C-455A-BB71-73A61C07B0BE}"
EndProject
Project("{FAE04EC0-301F-11D3-BF4B-00C04F79EFBC}") = "Benchmarking", "Benchmarking\Benchmarking.csproj", "{705317F8-EB6E-42B5-B29E-E6C5E794927F}"
EndProject
Project("{FAE04EC0-301F-11D3-BF4B-00C04F79EFBC}") = "otel", "otel\otel.csproj", "{4F40378D-1DC9-4966-B73D-F7144A18BB71}"
EndProject
Project("{FAE04EC0-301F-11D3-BF4B-00C04F79EFBC}") = "FeedProcessor", "FeedProcessor\FeedProcessor.csproj", "{ECA8AAE2-6D37-4112-8AE9-5E2F8A885332}"
EndProject
Global
	GlobalSection(SolutionConfigurationPlatforms) = preSolution
		Debug|Any CPU = Debug|Any CPU
		Release|Any CPU = Release|Any CPU
	EndGlobalSection
	GlobalSection(ProjectConfigurationPlatforms) = postSolution
		{D8982147-802E-4235-99EF-81618634BAEF}.Debug|Any CPU.ActiveCfg = Debug|Any CPU
		{D8982147-802E-4235-99EF-81618634BAEF}.Debug|Any CPU.Build.0 = Debug|Any CPU
		{D8982147-802E-4235-99EF-81618634BAEF}.Release|Any CPU.ActiveCfg = Release|Any CPU
		{D8982147-802E-4235-99EF-81618634BAEF}.Release|Any CPU.Build.0 = Release|Any CPU
		{9C3D62B7-B31C-455A-BB71-73A61C07B0BE}.Debug|Any CPU.ActiveCfg = Debug|Any CPU
		{9C3D62B7-B31C-455A-BB71-73A61C07B0BE}.Debug|Any CPU.Build.0 = Debug|Any CPU
		{9C3D62B7-B31C-455A-BB71-73A61C07B0BE}.Release|Any CPU.ActiveCfg = Release|Any CPU
		{9C3D62B7-B31C-455A-BB71-73A61C07B0BE}.Release|Any CPU.Build.0 = Release|Any CPU
		{302F1284-751A-427E-9FED-FFC36107F6D0}.Debug|Any CPU.ActiveCfg = Debug|Any CPU
		{302F1284-751A-427E-9FED-FFC36107F6D0}.Debug|Any CPU.Build.0 = Debug|Any CPU
		{705317F8-EB6E-42B5-B29E-E6C5E794927F}.Debug|Any CPU.ActiveCfg = Debug|Any CPU
		{705317F8-EB6E-42B5-B29E-E6C5E794927F}.Debug|Any CPU.Build.0 = Debug|Any CPU
		{705317F8-EB6E-42B5-B29E-E6C5E794927F}.Release|Any CPU.ActiveCfg = Release|Any CPU
		{705317F8-EB6E-42B5-B29E-E6C5E794927F}.Release|Any CPU.Build.0 = Release|Any CPU
		{4F40378D-1DC9-4966-B73D-F7144A18BB71}.Debug|Any CPU.ActiveCfg = Debug|Any CPU
		{4F40378D-1DC9-4966-B73D-F7144A18BB71}.Debug|Any CPU.Build.0 = Debug|Any CPU
		{4F40378D-1DC9-4966-B73D-F7144A18BB71}.Release|Any CPU.ActiveCfg = Release|Any CPU
		{4F40378D-1DC9-4966-B73D-F7144A18BB71}.Release|Any CPU.Build.0 = Release|Any CPU
		{ECA8AAE2-6D37-4112-8AE9-5E2F8A885332}.Debug|Any CPU.ActiveCfg = Debug|Any CPU
		{ECA8AAE2-6D37-4112-8AE9-5E2F8A885332}.Debug|Any CPU.Build.0 = Debug|Any CPU
		{ECA8AAE2-6D37-4112-8AE9-5E2F8A885332}.Release|Any CPU.ActiveCfg = Release|Any CPU
		{ECA8AAE2-6D37-4112-8AE9-5E2F8A885332}.Release|Any CPU.Build.0 = Release|Any CPU
	EndGlobalSection
EndGlobal
